
Microsoft Visual Studio Solution File, Format Version 12.00
# Visual Studio Version 17
VisualStudioVersion = 17.8.34525.116
MinimumVisualStudioVersion = 10.0.40219.1
Project("{FAE04EC0-301F-11D3-BF4B-00C04F79EFBC}") = "Zad1", "Zad1\Zad1.csproj", "{FEF7777F-8E2C-4E94-B150-EF4291A665A2}"
EndProject
Project("{FAE04EC0-301F-11D3-BF4B-00C04F79EFBC}") = "Zad2", "Zad2\Zad2.csproj", "{E8181325-5F8F-45DD-8AE1-2DC967515A6A}"
EndProject
Project("{FAE04EC0-301F-11D3-BF4B-00C04F79EFBC}") = "Zad3", "Zad3\Zad3.csproj", "{D5494B5E-B7E3-4930-BA28-FA8D63C74846}"
EndProject
Global
	GlobalSection(SolutionConfigurationPlatforms) = preSolution
		Debug|Any CPU = Debug|Any CPU
		Release|Any CPU = Release|Any CPU
	EndGlobalSection
	GlobalSection(ProjectConfigurationPlatforms) = postSolution
		{FEF7777F-8E2C-4E94-B150-EF4291A665A2}.Debug|Any CPU.ActiveCfg = Debug|Any CPU
		{FEF7777F-8E2C-4E94-B150-EF4291A665A2}.Debug|Any CPU.Build.0 = Debug|Any CPU
		{FEF7777F-8E2C-4E94-B150-EF4291A665A2}.Release|Any CPU.ActiveCfg = Release|Any CPU
		{FEF7777F-8E2C-4E94-B150-EF4291A665A2}.Release|Any CPU.Build.0 = Release|Any CPU
		{E8181325-5F8F-45DD-8AE1-2DC967515A6A}.Debug|Any CPU.ActiveCfg = Debug|Any CPU
		{E8181325-5F8F-45DD-8AE1-2DC967515A6A}.Debug|Any CPU.Build.0 = Debug|Any CPU
		{E8181325-5F8F-45DD-8AE1-2DC967515A6A}.Release|Any CPU.ActiveCfg = Release|Any CPU
		{E8181325-5F8F-45DD-8AE1-2DC967515A6A}.Release|Any CPU.Build.0 = Release|Any CPU
		{D5494B5E-B7E3-4930-BA28-FA8D63C74846}.Debug|Any CPU.ActiveCfg = Debug|Any CPU
		{D5494B5E-B7E3-4930-BA28-FA8D63C74846}.Debug|Any CPU.Build.0 = Debug|Any CPU
		{D5494B5E-B7E3-4930-BA28-FA8D63C74846}.Release|Any CPU.ActiveCfg = Release|Any CPU
		{D5494B5E-B7E3-4930-BA28-FA8D63C74846}.Release|Any CPU.Build.0 = Release|Any CPU
	EndGlobalSection
	GlobalSection(SolutionProperties) = preSolution
		HideSolutionNode = FALSE
	EndGlobalSection
	GlobalSection(ExtensibilityGlobals) = postSolution
		SolutionGuid = {AF5EADA8-22ED-44E3-85C1-B8A3D47EA9B9}
	EndGlobalSection
EndGlobal
